{
  "name": "fakecode-js",
  "version": "1.0.2",
  "lockfileVersion": 2,
  "requires": true,
  "packages": {
    "": {
      "name": "fakecode-js",
      "version": "1.0.2",
      "license": "ISC",
      "dependencies": {
        "query-objects": "^0.0.6",
        "seeded-rand": "^2.0.1"
      },
      "devDependencies": {
        "typescript": "^4.3.2"
      }
    },
    "node_modules/query-objects": {
      "version": "0.0.6",
      "resolved": "https://registry.npmjs.org/query-objects/-/query-objects-0.0.6.tgz",
      "integrity": "sha1-zytoTzfxEdggb4MsmL+6/nYGZFk="
    },
    "node_modules/seeded-rand": {
      "version": "2.0.1",
      "resolved": "https://registry.npmjs.org/seeded-rand/-/seeded-rand-2.0.1.tgz",
      "integrity": "sha512-OoNSbS3HH7tFIcE3zsn9BkyfjV6Of4L8b0HZU69WiqOQsMTXBTe83MNnIxmgTx9ABmOoTBhPwst+SN96twgDvA=="
    },
    "node_modules/typescript": {
      "version": "4.3.2",
      "resolved": "https://registry.npmjs.org/typescript/-/typescript-4.3.2.tgz",
      "integrity": "sha512-zZ4hShnmnoVnAHpVHWpTcxdv7dWP60S2FsydQLV8V5PbS3FifjWFFRiHSWpDJahly88PRyV5teTSLoq4eG7mKw==",
      "dev": true,
      "bin": {
        "tsc": "bin/tsc",
        "tsserver": "bin/tsserver"
      },
      "engines": {
        "node": ">=4.2.0"
      }
    }
  },
  "dependencies": {
    "query-objects": {
      "version": "0.0.6",
      "resolved": "https://registry.npmjs.org/query-objects/-/query-objects-0.0.6.tgz",
      "integrity": "sha1-zytoTzfxEdggb4MsmL+6/nYGZFk="
    },
    "seeded-rand": {
      "version": "2.0.1",
      "resolved": "https://registry.npmjs.org/seeded-rand/-/seeded-rand-2.0.1.tgz",
      "integrity": "sha512-OoNSbS3HH7tFIcE3zsn9BkyfjV6Of4L8b0HZU69WiqOQsMTXBTe83MNnIxmgTx9ABmOoTBhPwst+SN96twgDvA=="
    },
    "typescript": {
      "version": "4.3.2",
      "resolved": "https://registry.npmjs.org/typescript/-/typescript-4.3.2.tgz",
      "integrity": "sha512-zZ4hShnmnoVnAHpVHWpTcxdv7dWP60S2FsydQLV8V5PbS3FifjWFFRiHSWpDJahly88PRyV5teTSLoq4eG7mKw==",
      "dev": true
    }
  }
}
